
Microsoft Visual Studio Solution File, Format Version 12.00
# Visual Studio Version 17
VisualStudioVersion = 17.10.34916.146
MinimumVisualStudioVersion = 10.0.40219.1
Project("{9A19103F-16F7-4668-BE54-9A1E7A4F7556}") = "ConfigurableUI.Api", "ConfigurableUI.Api\ConfigurableUI.Api.csproj", "{5554144D-606D-4FE0-83BB-EF74B8E5C0A2}"
EndProject
Project("{9A19103F-16F7-4668-BE54-9A1E7A4F7556}") = "ConfigurableUI.App", "ConfigurableUI.App\ConfigurableUI.App.csproj", "{B2A941AD-0103-499D-8A70-45DA7755A15B}"
EndProject
Global
	GlobalSection(SolutionConfigurationPlatforms) = preSolution
		Debug|Any CPU = Debug|Any CPU
		Release|Any CPU = Release|Any CPU
	EndGlobalSection
	GlobalSection(ProjectConfigurationPlatforms) = postSolution
		{5554144D-606D-4FE0-83BB-EF74B8E5C0A2}.Debug|Any CPU.ActiveCfg = Debug|Any CPU
		{5554144D-606D-4FE0-83BB-EF74B8E5C0A2}.Debug|Any CPU.Build.0 = Debug|Any CPU
		{5554144D-606D-4FE0-83BB-EF74B8E5C0A2}.Release|Any CPU.ActiveCfg = Release|Any CPU
		{5554144D-606D-4FE0-83BB-EF74B8E5C0A2}.Release|Any CPU.Build.0 = Release|Any CPU
		{B2A941AD-0103-499D-8A70-45DA7755A15B}.Debug|Any CPU.ActiveCfg = Debug|Any CPU
		{B2A941AD-0103-499D-8A70-45DA7755A15B}.Debug|Any CPU.Build.0 = Debug|Any CPU
		{B2A941AD-0103-499D-8A70-45DA7755A15B}.Release|Any CPU.ActiveCfg = Release|Any CPU
		{B2A941AD-0103-499D-8A70-45DA7755A15B}.Release|Any CPU.Build.0 = Release|Any CPU
	EndGlobalSection
	GlobalSection(SolutionProperties) = preSolution
		HideSolutionNode = FALSE
	EndGlobalSection
	GlobalSection(ExtensibilityGlobals) = postSolution
		SolutionGuid = {1D9745B7-CB30-4BC9-8AEE-01476B268251}
	EndGlobalSection
EndGlobal
